// !$*UTF8*$!
{
	archiveVersion = 1;
	classes = {
	};
	objectVersion = 56;
	objects = {

/* Begin PBXBuildFile section */
		CEFF0C522BA0B53400801A0A /* AppDelegate.swift in Sources */ = {isa = PBXBuildFile; fileRef = CEFF0C512BA0B53400801A0A /* AppDelegate.swift */; };
		CEFF0C562BA0B53400801A0A /* LoginViewController.swift in Sources */ = {isa = PBXBuildFile; fileRef = CEFF0C552BA0B53400801A0A /* LoginViewController.swift */; };
		CEFF0C5B2BA0B53600801A0A /* Assets.xcassets in Resources */ = {isa = PBXBuildFile; fileRef = CEFF0C5A2BA0B53600801A0A /* Assets.xcassets */; };
		CEFF0C5E2BA0B53600801A0A /* Base in Resources */ = {isa = PBXBuildFile; fileRef = CEFF0C5D2BA0B53600801A0A /* Base */; };
		CEFF0C692BA0B61500801A0A /* Coordinator.swift in Sources */ = {isa = PBXBuildFile; fileRef = CEFF0C682BA0B61500801A0A /* Coordinator.swift */; };
		CEFF0C6B2BA0B67A00801A0A /* AppCoordinator.swift in Sources */ = {isa = PBXBuildFile; fileRef = CEFF0C6A2BA0B67A00801A0A /* AppCoordinator.swift */; };
		CEFF0C712BA1708900801A0A /* LoginViewModel.swift in Sources */ = {isa = PBXBuildFile; fileRef = CEFF0C702BA1708900801A0A /* LoginViewModel.swift */; };
		CEFF0C732BA170AA00801A0A /* LoginModel.swift in Sources */ = {isa = PBXBuildFile; fileRef = CEFF0C722BA170AA00801A0A /* LoginModel.swift */; };
		CEFF0C752BA170D500801A0A /* Dynamic.swift in Sources */ = {isa = PBXBuildFile; fileRef = CEFF0C742BA170D500801A0A /* Dynamic.swift */; };
		CEFF0C782BA185A600801A0A /* TabBarController.swift in Sources */ = {isa = PBXBuildFile; fileRef = CEFF0C772BA185A600801A0A /* TabBarController.swift */; };
		CEFF0C7A2BA18D1E00801A0A /* SearchViewController.swift in Sources */ = {isa = PBXBuildFile; fileRef = CEFF0C792BA18D1E00801A0A /* SearchViewController.swift */; };
		CEFF0C7C2BA18D4E00801A0A /* SelectedViewController.swift in Sources */ = {isa = PBXBuildFile; fileRef = CEFF0C7B2BA18D4E00801A0A /* SelectedViewController.swift */; };
		CEFF0C7E2BA18D7600801A0A /* ResponsesViewController.swift in Sources */ = {isa = PBXBuildFile; fileRef = CEFF0C7D2BA18D7600801A0A /* ResponsesViewController.swift */; };
		CEFF0C802BA18D8E00801A0A /* MessagesViewController.swift in Sources */ = {isa = PBXBuildFile; fileRef = CEFF0C7F2BA18D8E00801A0A /* MessagesViewController.swift */; };
		CEFF0C822BA18DAC00801A0A /* ProfileViewController.swift in Sources */ = {isa = PBXBuildFile; fileRef = CEFF0C812BA18DAC00801A0A /* ProfileViewController.swift */; };
		CEFF0C842BA1DF1100801A0A /* ContainerViewController.swift in Sources */ = {isa = PBXBuildFile; fileRef = CEFF0C832BA1DF1100801A0A /* ContainerViewController.swift */; };
		CEFF0C872BA29AC500801A0A /* SnapKit in Frameworks */ = {isa = PBXBuildFile; productRef = CEFF0C862BA29AC500801A0A /* SnapKit */; };
		CEFF0C892BA29AC500801A0A /* SnapKit-Dynamic in Frameworks */ = {isa = PBXBuildFile; productRef = CEFF0C882BA29AC500801A0A /* SnapKit-Dynamic */; };
		CEFF0C8C2BA2BAC500801A0A /* UIColor + Extens.swift in Sources */ = {isa = PBXBuildFile; fileRef = CEFF0C8B2BA2BAC500801A0A /* UIColor + Extens.swift */; };
		CEFF0C8F2BA2C1E800801A0A /* UIStackView + extens.swift in Sources */ = {isa = PBXBuildFile; fileRef = CEFF0C8E2BA2C1E800801A0A /* UIStackView + extens.swift */; };
		CEFF0C912BA2C35D00801A0A /* UIView + Extens.swift in Sources */ = {isa = PBXBuildFile; fileRef = CEFF0C902BA2C35D00801A0A /* UIView + Extens.swift */; };
		CEFF0C932BA35A7600801A0A /* String + Extens.swift in Sources */ = {isa = PBXBuildFile; fileRef = CEFF0C922BA35A7600801A0A /* String + Extens.swift */; };
		CEFF0C952BA4167900801A0A /* CodeViewController.swift in Sources */ = {isa = PBXBuildFile; fileRef = CEFF0C942BA4167900801A0A /* CodeViewController.swift */; };
		CEFF0C972BA4883C00801A0A /* SearchViewModel.swift in Sources */ = {isa = PBXBuildFile; fileRef = CEFF0C962BA4883C00801A0A /* SearchViewModel.swift */; };
		CEFF0C9A2BA4885800801A0A /* Model.swift in Sources */ = {isa = PBXBuildFile; fileRef = CEFF0C992BA4885800801A0A /* Model.swift */; };
		CEFF0C9D2BA56FE800801A0A /* QuickFiltersCell.swift in Sources */ = {isa = PBXBuildFile; fileRef = CEFF0C9C2BA56FE800801A0A /* QuickFiltersCell.swift */; };
		CEFF0C9F2BA5701D00801A0A /* VacanciesCell.swift in Sources */ = {isa = PBXBuildFile; fileRef = CEFF0C9E2BA5701D00801A0A /* VacanciesCell.swift */; };
		CEFF0CA12BA5738300801A0A /* QuickFiltersModel.swift in Sources */ = {isa = PBXBuildFile; fileRef = CEFF0CA02BA5738300801A0A /* QuickFiltersModel.swift */; };
/* End PBXBuildFile section */

/* Begin PBXFileReference section */
		CEFF0C4E2BA0B53400801A0A /* JobSearch.app */ = {isa = PBXFileReference; explicitFileType = wrapper.application; includeInIndex = 0; path = JobSearch.app; sourceTree = BUILT_PRODUCTS_DIR; };
		CEFF0C512BA0B53400801A0A /* AppDelegate.swift */ = {isa = PBXFileReference; lastKnownFileType = sourcecode.swift; path = AppDelegate.swift; sourceTree = "<group>"; };
		CEFF0C552BA0B53400801A0A /* LoginViewController.swift */ = {isa = PBXFileReference; lastKnownFileType = sourcecode.swift; path = LoginViewController.swift; sourceTree = "<group>"; };
		CEFF0C5A2BA0B53600801A0A /* Assets.xcassets */ = {isa = PBXFileReference; lastKnownFileType = folder.assetcatalog; path = Assets.xcassets; sourceTree = "<group>"; };
		CEFF0C5D2BA0B53600801A0A /* Base */ = {isa = PBXFileReference; lastKnownFileType = file.storyboard; name = Base; path = Base.lproj/LaunchScreen.storyboard; sourceTree = "<group>"; };
		CEFF0C5F2BA0B53600801A0A /* Info.plist */ = {isa = PBXFileReference; lastKnownFileType = text.plist.xml; path = Info.plist; sourceTree = "<group>"; };
		CEFF0C682BA0B61500801A0A /* Coordinator.swift */ = {isa = PBXFileReference; lastKnownFileType = sourcecode.swift; path = Coordinator.swift; sourceTree = "<group>"; };
		CEFF0C6A2BA0B67A00801A0A /* AppCoordinator.swift */ = {isa = PBXFileReference; lastKnownFileType = sourcecode.swift; path = AppCoordinator.swift; sourceTree = "<group>"; };
		CEFF0C702BA1708900801A0A /* LoginViewModel.swift */ = {isa = PBXFileReference; lastKnownFileType = sourcecode.swift; path = LoginViewModel.swift; sourceTree = "<group>"; };
		CEFF0C722BA170AA00801A0A /* LoginModel.swift */ = {isa = PBXFileReference; lastKnownFileType = sourcecode.swift; path = LoginModel.swift; sourceTree = "<group>"; };
		CEFF0C742BA170D500801A0A /* Dynamic.swift */ = {isa = PBXFileReference; lastKnownFileType = sourcecode.swift; path = Dynamic.swift; sourceTree = "<group>"; };
		CEFF0C772BA185A600801A0A /* TabBarController.swift */ = {isa = PBXFileReference; lastKnownFileType = sourcecode.swift; path = TabBarController.swift; sourceTree = "<group>"; };
		CEFF0C792BA18D1E00801A0A /* SearchViewController.swift */ = {isa = PBXFileReference; lastKnownFileType = sourcecode.swift; path = SearchViewController.swift; sourceTree = "<group>"; };
		CEFF0C7B2BA18D4E00801A0A /* SelectedViewController.swift */ = {isa = PBXFileReference; lastKnownFileType = sourcecode.swift; path = SelectedViewController.swift; sourceTree = "<group>"; };
		CEFF0C7D2BA18D7600801A0A /* ResponsesViewController.swift */ = {isa = PBXFileReference; lastKnownFileType = sourcecode.swift; path = ResponsesViewController.swift; sourceTree = "<group>"; };
		CEFF0C7F2BA18D8E00801A0A /* MessagesViewController.swift */ = {isa = PBXFileReference; lastKnownFileType = sourcecode.swift; path = MessagesViewController.swift; sourceTree = "<group>"; };
		CEFF0C812BA18DAC00801A0A /* ProfileViewController.swift */ = {isa = PBXFileReference; lastKnownFileType = sourcecode.swift; path = ProfileViewController.swift; sourceTree = "<group>"; };
		CEFF0C832BA1DF1100801A0A /* ContainerViewController.swift */ = {isa = PBXFileReference; lastKnownFileType = sourcecode.swift; path = ContainerViewController.swift; sourceTree = "<group>"; };
		CEFF0C8B2BA2BAC500801A0A /* UIColor + Extens.swift */ = {isa = PBXFileReference; lastKnownFileType = sourcecode.swift; path = "UIColor + Extens.swift"; sourceTree = "<group>"; };
		CEFF0C8E2BA2C1E800801A0A /* UIStackView + extens.swift */ = {isa = PBXFileReference; lastKnownFileType = sourcecode.swift; path = "UIStackView + extens.swift"; sourceTree = "<group>"; };
		CEFF0C902BA2C35D00801A0A /* UIView + Extens.swift */ = {isa = PBXFileReference; lastKnownFileType = sourcecode.swift; path = "UIView + Extens.swift"; sourceTree = "<group>"; };
		CEFF0C922BA35A7600801A0A /* String + Extens.swift */ = {isa = PBXFileReference; lastKnownFileType = sourcecode.swift; path = "String + Extens.swift"; sourceTree = "<group>"; };
		CEFF0C942BA4167900801A0A /* CodeViewController.swift */ = {isa = PBXFileReference; lastKnownFileType = sourcecode.swift; path = CodeViewController.swift; sourceTree = "<group>"; };
		CEFF0C962BA4883C00801A0A /* SearchViewModel.swift */ = {isa = PBXFileReference; lastKnownFileType = sourcecode.swift; path = SearchViewModel.swift; sourceTree = "<group>"; };
		CEFF0C992BA4885800801A0A /* Model.swift */ = {isa = PBXFileReference; lastKnownFileType = sourcecode.swift; path = Model.swift; sourceTree = "<group>"; };
		CEFF0C9C2BA56FE800801A0A /* QuickFiltersCell.swift */ = {isa = PBXFileReference; lastKnownFileType = sourcecode.swift; path = QuickFiltersCell.swift; sourceTree = "<group>"; };
		CEFF0C9E2BA5701D00801A0A /* VacanciesCell.swift */ = {isa = PBXFileReference; lastKnownFileType = sourcecode.swift; path = VacanciesCell.swift; sourceTree = "<group>"; };
		CEFF0CA02BA5738300801A0A /* QuickFiltersModel.swift */ = {isa = PBXFileReference; lastKnownFileType = sourcecode.swift; path = QuickFiltersModel.swift; sourceTree = "<group>"; };
/* End PBXFileReference section */

/* Begin PBXFrameworksBuildPhase section */
		CEFF0C4B2BA0B53400801A0A /* Frameworks */ = {
			isa = PBXFrameworksBuildPhase;
			buildActionMask = 2147483647;
			files = (
				CEFF0C872BA29AC500801A0A /* SnapKit in Frameworks */,
				CEFF0C892BA29AC500801A0A /* SnapKit-Dynamic in Frameworks */,
			);
			runOnlyForDeploymentPostprocessing = 0;
		};
/* End PBXFrameworksBuildPhase section */

/* Begin PBXGroup section */
		CEFF0C452BA0B53400801A0A = {
			isa = PBXGroup;
			children = (
				CEFF0C502BA0B53400801A0A /* JobSearch */,
				CEFF0C4F2BA0B53400801A0A /* Products */,
			);
			sourceTree = "<group>";
		};
		CEFF0C4F2BA0B53400801A0A /* Products */ = {
			isa = PBXGroup;
			children = (
				CEFF0C4E2BA0B53400801A0A /* JobSearch.app */,
			);
			name = Products;
			sourceTree = "<group>";
		};
		CEFF0C502BA0B53400801A0A /* JobSearch */ = {
			isa = PBXGroup;
			children = (
				CEFF0C512BA0B53400801A0A /* AppDelegate.swift */,
				CEFF0C772BA185A600801A0A /* TabBarController.swift */,
				CEFF0C832BA1DF1100801A0A /* ContainerViewController.swift */,
				CEFF0C7B2BA18D4E00801A0A /* SelectedViewController.swift */,
				CEFF0C7D2BA18D7600801A0A /* ResponsesViewController.swift */,
				CEFF0C7F2BA18D8E00801A0A /* MessagesViewController.swift */,
				CEFF0C812BA18DAC00801A0A /* ProfileViewController.swift */,
				CEFF0C762BA170DA00801A0A /* Bindings */,
				CEFF0C6C2BA1577C00801A0A /* Login */,
				CEFF0C8A2BA2AE4D00801A0A /* Search */,
				CEFF0C662BA0B5F000801A0A /* Coordinators */,
				CEFF0C8D2BA2BACB00801A0A /* Extension */,
				CEFF0C5A2BA0B53600801A0A /* Assets.xcassets */,
				CEFF0C5C2BA0B53600801A0A /* LaunchScreen.storyboard */,
				CEFF0C5F2BA0B53600801A0A /* Info.plist */,
			);
			path = JobSearch;
			sourceTree = "<group>";
		};
		CEFF0C662BA0B5F000801A0A /* Coordinators */ = {
			isa = PBXGroup;
			children = (
				CEFF0C672BA0B60100801A0A /* Protocols */,
				CEFF0C6A2BA0B67A00801A0A /* AppCoordinator.swift */,
			);
			path = Coordinators;
			sourceTree = "<group>";
		};
		CEFF0C672BA0B60100801A0A /* Protocols */ = {
			isa = PBXGroup;
			children = (
				CEFF0C682BA0B61500801A0A /* Coordinator.swift */,
			);
			path = Protocols;
			sourceTree = "<group>";
		};
		CEFF0C6C2BA1577C00801A0A /* Login */ = {
			isa = PBXGroup;
			children = (
				CEFF0C6D2BA1579500801A0A /* View */,
				CEFF0C6E2BA1705600801A0A /* ViewModel */,
				CEFF0C6F2BA1706000801A0A /* Model */,
			);
			path = Login;
			sourceTree = "<group>";
		};
		CEFF0C6D2BA1579500801A0A /* View */ = {
			isa = PBXGroup;
			children = (
				CEFF0C552BA0B53400801A0A /* LoginViewController.swift */,
				CEFF0C942BA4167900801A0A /* CodeViewController.swift */,
			);
			path = View;
			sourceTree = "<group>";
		};
		CEFF0C6E2BA1705600801A0A /* ViewModel */ = {
			isa = PBXGroup;
			children = (
				CEFF0C702BA1708900801A0A /* LoginViewModel.swift */,
			);
			path = ViewModel;
			sourceTree = "<group>";
		};
		CEFF0C6F2BA1706000801A0A /* Model */ = {
			isa = PBXGroup;
			children = (
				CEFF0C722BA170AA00801A0A /* LoginModel.swift */,
			);
			path = Model;
			sourceTree = "<group>";
		};
		CEFF0C762BA170DA00801A0A /* Bindings */ = {
			isa = PBXGroup;
			children = (
				CEFF0C742BA170D500801A0A /* Dynamic.swift */,
			);
			path = Bindings;
			sourceTree = "<group>";
		};
		CEFF0C8A2BA2AE4D00801A0A /* Search */ = {
			isa = PBXGroup;
			children = (
				CEFF0C792BA18D1E00801A0A /* SearchViewController.swift */,
				CEFF0C9C2BA56FE800801A0A /* QuickFiltersCell.swift */,
				CEFF0C9E2BA5701D00801A0A /* VacanciesCell.swift */,
				CEFF0C982BA4884000801A0A /* ViewModel */,
				CEFF0C9B2BA4885C00801A0A /* Model */,
			);
			path = Search;
			sourceTree = "<group>";
		};
		CEFF0C8D2BA2BACB00801A0A /* Extension */ = {
			isa = PBXGroup;
			children = (
				CEFF0C8B2BA2BAC500801A0A /* UIColor + Extens.swift */,
				CEFF0C8E2BA2C1E800801A0A /* UIStackView + extens.swift */,
				CEFF0C902BA2C35D00801A0A /* UIView + Extens.swift */,
				CEFF0C922BA35A7600801A0A /* String + Extens.swift */,
			);
			path = Extension;
			sourceTree = "<group>";
		};
		CEFF0C982BA4884000801A0A /* ViewModel */ = {
			isa = PBXGroup;
			children = (
				CEFF0C962BA4883C00801A0A /* SearchViewModel.swift */,
			);
			path = ViewModel;
			sourceTree = "<group>";
		};
		CEFF0C9B2BA4885C00801A0A /* Model */ = {
			isa = PBXGroup;
			children = (
				CEFF0C992BA4885800801A0A /* Model.swift */,
				CEFF0CA02BA5738300801A0A /* QuickFiltersModel.swift */,
			);
			path = Model;
			sourceTree = "<group>";
		};
/* End PBXGroup section */

/* Begin PBXNativeTarget section */
		CEFF0C4D2BA0B53400801A0A /* JobSearch */ = {
			isa = PBXNativeTarget;
			buildConfigurationList = CEFF0C622BA0B53600801A0A /* Build configuration list for PBXNativeTarget "JobSearch" */;
			buildPhases = (
				CEFF0C4A2BA0B53400801A0A /* Sources */,
				CEFF0C4B2BA0B53400801A0A /* Frameworks */,
				CEFF0C4C2BA0B53400801A0A /* Resources */,
			);
			buildRules = (
			);
			dependencies = (
			);
			name = JobSearch;
			packageProductDependencies = (
				CEFF0C862BA29AC500801A0A /* SnapKit */,
				CEFF0C882BA29AC500801A0A /* SnapKit-Dynamic */,
			);
			productName = JobSearch;
			productReference = CEFF0C4E2BA0B53400801A0A /* JobSearch.app */;
			productType = "com.apple.product-type.application";
		};
/* End PBXNativeTarget section */

/* Begin PBXProject section */
		CEFF0C462BA0B53400801A0A /* Project object */ = {
			isa = PBXProject;
			attributes = {
				BuildIndependentTargetsInParallel = 1;
				LastSwiftUpdateCheck = 1530;
				LastUpgradeCheck = 1530;
				TargetAttributes = {
					CEFF0C4D2BA0B53400801A0A = {
						CreatedOnToolsVersion = 15.3;
					};
				};
			};
			buildConfigurationList = CEFF0C492BA0B53400801A0A /* Build configuration list for PBXProject "JobSearch" */;
			compatibilityVersion = "Xcode 14.0";
			developmentRegion = en;
			hasScannedForEncodings = 0;
			knownRegions = (
				en,
				Base,
			);
			mainGroup = CEFF0C452BA0B53400801A0A;
			packageReferences = (
				CEFF0C852BA29AC500801A0A /* XCRemoteSwiftPackageReference "SnapKit" */,
			);
			productRefGroup = CEFF0C4F2BA0B53400801A0A /* Products */;
			projectDirPath = "";
			projectRoot = "";
			targets = (
				CEFF0C4D2BA0B53400801A0A /* JobSearch */,
			);
		};
/* End PBXProject section */

/* Begin PBXResourcesBuildPhase section */
		CEFF0C4C2BA0B53400801A0A /* Resources */ = {
			isa = PBXResourcesBuildPhase;
			buildActionMask = 2147483647;
			files = (
				CEFF0C5B2BA0B53600801A0A /* Assets.xcassets in Resources */,
				CEFF0C5E2BA0B53600801A0A /* Base in Resources */,
			);
			runOnlyForDeploymentPostprocessing = 0;
		};
/* End PBXResourcesBuildPhase section */

/* Begin PBXSourcesBuildPhase section */
		CEFF0C4A2BA0B53400801A0A /* Sources */ = {
			isa = PBXSourcesBuildPhase;
			buildActionMask = 2147483647;
			files = (
				CEFF0C9A2BA4885800801A0A /* Model.swift in Sources */,
				CEFF0CA12BA5738300801A0A /* QuickFiltersModel.swift in Sources */,
				CEFF0C8C2BA2BAC500801A0A /* UIColor + Extens.swift in Sources */,
				CEFF0C952BA4167900801A0A /* CodeViewController.swift in Sources */,
				CEFF0C6B2BA0B67A00801A0A /* AppCoordinator.swift in Sources */,
				CEFF0C912BA2C35D00801A0A /* UIView + Extens.swift in Sources */,
				CEFF0C732BA170AA00801A0A /* LoginModel.swift in Sources */,
				CEFF0C842BA1DF1100801A0A /* ContainerViewController.swift in Sources */,
				CEFF0C972BA4883C00801A0A /* SearchViewModel.swift in Sources */,
				CEFF0C9F2BA5701D00801A0A /* VacanciesCell.swift in Sources */,
				CEFF0C562BA0B53400801A0A /* LoginViewController.swift in Sources */,
				CEFF0C7A2BA18D1E00801A0A /* SearchViewController.swift in Sources */,
				CEFF0C8F2BA2C1E800801A0A /* UIStackView + extens.swift in Sources */,
				CEFF0C7E2BA18D7600801A0A /* ResponsesViewController.swift in Sources */,
				CEFF0C782BA185A600801A0A /* TabBarController.swift in Sources */,
				CEFF0C802BA18D8E00801A0A /* MessagesViewController.swift in Sources */,
				CEFF0C752BA170D500801A0A /* Dynamic.swift in Sources */,
				CEFF0C9D2BA56FE800801A0A /* QuickFiltersCell.swift in Sources */,
				CEFF0C522BA0B53400801A0A /* AppDelegate.swift in Sources */,
				CEFF0C7C2BA18D4E00801A0A /* SelectedViewController.swift in Sources */,
				CEFF0C822BA18DAC00801A0A /* ProfileViewController.swift in Sources */,
				CEFF0C932BA35A7600801A0A /* String + Extens.swift in Sources */,
				CEFF0C712BA1708900801A0A /* LoginViewModel.swift in Sources */,
				CEFF0C692BA0B61500801A0A /* Coordinator.swift in Sources */,
			);
			runOnlyForDeploymentPostprocessing = 0;
		};
/* End PBXSourcesBuildPhase section */

/* Begin PBXVariantGroup section */
		CEFF0C5C2BA0B53600801A0A /* LaunchScreen.storyboard */ = {
			isa = PBXVariantGroup;
			children = (
				CEFF0C5D2BA0B53600801A0A /* Base */,
			);
			name = LaunchScreen.storyboard;
			sourceTree = "<group>";
		};
/* End PBXVariantGroup section */

/* Begin XCBuildConfiguration section */
		CEFF0C602BA0B53600801A0A /* Debug */ = {
			isa = XCBuildConfiguration;
			buildSettings = {
				ALWAYS_SEARCH_USER_PATHS = NO;
				ASSETCATALOG_COMPILER_GENERATE_SWIFT_ASSET_SYMBOL_EXTENSIONS = YES;
				CLANG_ANALYZER_NONNULL = YES;
				CLANG_ANALYZER_NUMBER_OBJECT_CONVERSION = YES_AGGRESSIVE;
				CLANG_CXX_LANGUAGE_STANDARD = "gnu++20";
				CLANG_ENABLE_MODULES = YES;
				CLANG_ENABLE_OBJC_ARC = YES;
				CLANG_ENABLE_OBJC_WEAK = YES;
				CLANG_WARN_BLOCK_CAPTURE_AUTORELEASING = YES;
				CLANG_WARN_BOOL_CONVERSION = YES;
				CLANG_WARN_COMMA = YES;
				CLANG_WARN_CONSTANT_CONVERSION = YES;
				CLANG_WARN_DEPRECATED_OBJC_IMPLEMENTATIONS = YES;
				CLANG_WARN_DIRECT_OBJC_ISA_USAGE = YES_ERROR;
				CLANG_WARN_DOCUMENTATION_COMMENTS = YES;
				CLANG_WARN_EMPTY_BODY = YES;
				CLANG_WARN_ENUM_CONVERSION = YES;
				CLANG_WARN_INFINITE_RECURSION = YES;
				CLANG_WARN_INT_CONVERSION = YES;
				CLANG_WARN_NON_LITERAL_NULL_CONVERSION = YES;
				CLANG_WARN_OBJC_IMPLICIT_RETAIN_SELF = YES;
				CLANG_WARN_OBJC_LITERAL_CONVERSION = YES;
				CLANG_WARN_OBJC_ROOT_CLASS = YES_ERROR;
				CLANG_WARN_QUOTED_INCLUDE_IN_FRAMEWORK_HEADER = YES;
				CLANG_WARN_RANGE_LOOP_ANALYSIS = YES;
				CLANG_WARN_STRICT_PROTOTYPES = YES;
				CLANG_WARN_SUSPICIOUS_MOVE = YES;
				CLANG_WARN_UNGUARDED_AVAILABILITY = YES_AGGRESSIVE;
				CLANG_WARN_UNREACHABLE_CODE = YES;
				CLANG_WARN__DUPLICATE_METHOD_MATCH = YES;
				COPY_PHASE_STRIP = NO;
				DEBUG_INFORMATION_FORMAT = dwarf;
				ENABLE_STRICT_OBJC_MSGSEND = YES;
				ENABLE_TESTABILITY = YES;
				ENABLE_USER_SCRIPT_SANDBOXING = YES;
				GCC_C_LANGUAGE_STANDARD = gnu17;
				GCC_DYNAMIC_NO_PIC = NO;
				GCC_NO_COMMON_BLOCKS = YES;
				GCC_OPTIMIZATION_LEVEL = 0;
				GCC_PREPROCESSOR_DEFINITIONS = (
					"DEBUG=1",
					"$(inherited)",
				);
				GCC_WARN_64_TO_32_BIT_CONVERSION = YES;
				GCC_WARN_ABOUT_RETURN_TYPE = YES_ERROR;
				GCC_WARN_UNDECLARED_SELECTOR = YES;
				GCC_WARN_UNINITIALIZED_AUTOS = YES_AGGRESSIVE;
				GCC_WARN_UNUSED_FUNCTION = YES;
				GCC_WARN_UNUSED_VARIABLE = YES;
				IPHONEOS_DEPLOYMENT_TARGET = 17.4;
				LOCALIZATION_PREFERS_STRING_CATALOGS = YES;
				MTL_ENABLE_DEBUG_INFO = INCLUDE_SOURCE;
				MTL_FAST_MATH = YES;
				ONLY_ACTIVE_ARCH = YES;
				SDKROOT = iphoneos;
				SWIFT_ACTIVE_COMPILATION_CONDITIONS = "DEBUG $(inherited)";
				SWIFT_OPTIMIZATION_LEVEL = "-Onone";
			};
			name = Debug;
		};
		CEFF0C612BA0B53600801A0A /* Release */ = {
			isa = XCBuildConfiguration;
			buildSettings = {
				ALWAYS_SEARCH_USER_PATHS = NO;
				ASSETCATALOG_COMPILER_GENERATE_SWIFT_ASSET_SYMBOL_EXTENSIONS = YES;
				CLANG_ANALYZER_NONNULL = YES;
				CLANG_ANALYZER_NUMBER_OBJECT_CONVERSION = YES_AGGRESSIVE;
				CLANG_CXX_LANGUAGE_STANDARD = "gnu++20";
				CLANG_ENABLE_MODULES = YES;
				CLANG_ENABLE_OBJC_ARC = YES;
				CLANG_ENABLE_OBJC_WEAK = YES;
				CLANG_WARN_BLOCK_CAPTURE_AUTORELEASING = YES;
				CLANG_WARN_BOOL_CONVERSION = YES;
				CLANG_WARN_COMMA = YES;
				CLANG_WARN_CONSTANT_CONVERSION = YES;
				CLANG_WARN_DEPRECATED_OBJC_IMPLEMENTATIONS = YES;
				CLANG_WARN_DIRECT_OBJC_ISA_USAGE = YES_ERROR;
				CLANG_WARN_DOCUMENTATION_COMMENTS = YES;
				CLANG_WARN_EMPTY_BODY = YES;
				CLANG_WARN_ENUM_CONVERSION = YES;
				CLANG_WARN_INFINITE_RECURSION = YES;
				CLANG_WARN_INT_CONVERSION = YES;
				CLANG_WARN_NON_LITERAL_NULL_CONVERSION = YES;
				CLANG_WARN_OBJC_IMPLICIT_RETAIN_SELF = YES;
				CLANG_WARN_OBJC_LITERAL_CONVERSION = YES;
				CLANG_WARN_OBJC_ROOT_CLASS = YES_ERROR;
				CLANG_WARN_QUOTED_INCLUDE_IN_FRAMEWORK_HEADER = YES;
				CLANG_WARN_RANGE_LOOP_ANALYSIS = YES;
				CLANG_WARN_STRICT_PROTOTYPES = YES;
				CLANG_WARN_SUSPICIOUS_MOVE = YES;
				CLANG_WARN_UNGUARDED_AVAILABILITY = YES_AGGRESSIVE;
				CLANG_WARN_UNREACHABLE_CODE = YES;
				CLANG_WARN__DUPLICATE_METHOD_MATCH = YES;
				COPY_PHASE_STRIP = NO;
				DEBUG_INFORMATION_FORMAT = "dwarf-with-dsym";
				ENABLE_NS_ASSERTIONS = NO;
				ENABLE_STRICT_OBJC_MSGSEND = YES;
				ENABLE_USER_SCRIPT_SANDBOXING = YES;
				GCC_C_LANGUAGE_STANDARD = gnu17;
				GCC_NO_COMMON_BLOCKS = YES;
				GCC_WARN_64_TO_32_BIT_CONVERSION = YES;
				GCC_WARN_ABOUT_RETURN_TYPE = YES_ERROR;
				GCC_WARN_UNDECLARED_SELECTOR = YES;
				GCC_WARN_UNINITIALIZED_AUTOS = YES_AGGRESSIVE;
				GCC_WARN_UNUSED_FUNCTION = YES;
				GCC_WARN_UNUSED_VARIABLE = YES;
				IPHONEOS_DEPLOYMENT_TARGET = 17.4;
				LOCALIZATION_PREFERS_STRING_CATALOGS = YES;
				MTL_ENABLE_DEBUG_INFO = NO;
				MTL_FAST_MATH = YES;
				SDKROOT = iphoneos;
				SWIFT_COMPILATION_MODE = wholemodule;
				VALIDATE_PRODUCT = YES;
			};
			name = Release;
		};
		CEFF0C632BA0B53600801A0A /* Debug */ = {
			isa = XCBuildConfiguration;
			buildSettings = {
				ASSETCATALOG_COMPILER_APPICON_NAME = AppIcon;
				ASSETCATALOG_COMPILER_GLOBAL_ACCENT_COLOR_NAME = AccentColor;
				CODE_SIGN_STYLE = Automatic;
				CURRENT_PROJECT_VERSION = 1;
				GENERATE_INFOPLIST_FILE = YES;
				INFOPLIST_FILE = JobSearch/Info.plist;
				INFOPLIST_KEY_UIApplicationSupportsIndirectInputEvents = YES;
				INFOPLIST_KEY_UILaunchStoryboardName = LaunchScreen;
				INFOPLIST_KEY_UISupportedInterfaceOrientations_iPad = "UIInterfaceOrientationPortrait UIInterfaceOrientationPortraitUpsideDown UIInterfaceOrientationLandscapeLeft UIInterfaceOrientationLandscapeRight";
				INFOPLIST_KEY_UISupportedInterfaceOrientations_iPhone = "UIInterfaceOrientationPortrait UIInterfaceOrientationLandscapeLeft UIInterfaceOrientationLandscapeRight";
				LD_RUNPATH_SEARCH_PATHS = (
					"$(inherited)",
					"@executable_path/Frameworks",
				);
				MARKETING_VERSION = 1.0;
				PRODUCT_BUNDLE_IDENTIFIER = iam.JobSearch;
				PRODUCT_NAME = "$(TARGET_NAME)";
				SWIFT_EMIT_LOC_STRINGS = YES;
				SWIFT_VERSION = 5.0;
				TARGETED_DEVICE_FAMILY = "1,2";
			};
			name = Debug;
		};
		CEFF0C642BA0B53600801A0A /* Release */ = {
			isa = XCBuildConfiguration;
			buildSettings = {
				ASSETCATALOG_COMPILER_APPICON_NAME = AppIcon;
				ASSETCATALOG_COMPILER_GLOBAL_ACCENT_COLOR_NAME = AccentColor;
				CODE_SIGN_STYLE = Automatic;
				CURRENT_PROJECT_VERSION = 1;
				GENERATE_INFOPLIST_FILE = YES;
				INFOPLIST_FILE = JobSearch/Info.plist;
				INFOPLIST_KEY_UIApplicationSupportsIndirectInputEvents = YES;
				INFOPLIST_KEY_UILaunchStoryboardName = LaunchScreen;
				INFOPLIST_KEY_UISupportedInterfaceOrientations_iPad = "UIInterfaceOrientationPortrait UIInterfaceOrientationPortraitUpsideDown UIInterfaceOrientationLandscapeLeft UIInterfaceOrientationLandscapeRight";
				INFOPLIST_KEY_UISupportedInterfaceOrientations_iPhone = "UIInterfaceOrientationPortrait UIInterfaceOrientationLandscapeLeft UIInterfaceOrientationLandscapeRight";
				LD_RUNPATH_SEARCH_PATHS = (
					"$(inherited)",
					"@executable_path/Frameworks",
				);
				MARKETING_VERSION = 1.0;
				PRODUCT_BUNDLE_IDENTIFIER = iam.JobSearch;
				PRODUCT_NAME = "$(TARGET_NAME)";
				SWIFT_EMIT_LOC_STRINGS = YES;
				SWIFT_VERSION = 5.0;
				TARGETED_DEVICE_FAMILY = "1,2";
			};
			name = Release;
		};
/* End XCBuildConfiguration section */

/* Begin XCConfigurationList section */
		CEFF0C492BA0B53400801A0A /* Build configuration list for PBXProject "JobSearch" */ = {
			isa = XCConfigurationList;
			buildConfigurations = (
				CEFF0C602BA0B53600801A0A /* Debug */,
				CEFF0C612BA0B53600801A0A /* Release */,
			);
			defaultConfigurationIsVisible = 0;
			defaultConfigurationName = Release;
		};
		CEFF0C622BA0B53600801A0A /* Build configuration list for PBXNativeTarget "JobSearch" */ = {
			isa = XCConfigurationList;
			buildConfigurations = (
				CEFF0C632BA0B53600801A0A /* Debug */,
				CEFF0C642BA0B53600801A0A /* Release */,
			);
			defaultConfigurationIsVisible = 0;
			defaultConfigurationName = Release;
		};
/* End XCConfigurationList section */

/* Begin XCRemoteSwiftPackageReference section */
		CEFF0C852BA29AC500801A0A /* XCRemoteSwiftPackageReference "SnapKit" */ = {
			isa = XCRemoteSwiftPackageReference;
			repositoryURL = "https://github.com/SnapKit/SnapKit";
			requirement = {
				kind = upToNextMajorVersion;
				minimumVersion = 5.7.1;
			};
		};
/* End XCRemoteSwiftPackageReference section */

/* Begin XCSwiftPackageProductDependency section */
		CEFF0C862BA29AC500801A0A /* SnapKit */ = {
			isa = XCSwiftPackageProductDependency;
			package = CEFF0C852BA29AC500801A0A /* XCRemoteSwiftPackageReference "SnapKit" */;
			productName = SnapKit;
		};
		CEFF0C882BA29AC500801A0A /* SnapKit-Dynamic */ = {
			isa = XCSwiftPackageProductDependency;
			package = CEFF0C852BA29AC500801A0A /* XCRemoteSwiftPackageReference "SnapKit" */;
			productName = "SnapKit-Dynamic";
		};
/* End XCSwiftPackageProductDependency section */
	};
	rootObject = CEFF0C462BA0B53400801A0A /* Project object */;
}
